
Microsoft Visual Studio Solution File, Format Version 12.00
# Visual Studio Version 17
VisualStudioVersion = 17.0.31717.71
MinimumVisualStudioVersion = 10.0.40219.1
Project("{9A19103F-16F7-4668-BE54-9A1E7A4F7556}") = "VanKassa.Presentation.BlazorWeb", "VanKassa.Presentation.BlazorWeb.csproj", "{F161B9D2-168D-4BE1-B138-946FE547EC12}"
EndProject
Global
	GlobalSection(SolutionConfigurationPlatforms) = preSolution
		Debug|Any CPU = Debug|Any CPU
		Release|Any CPU = Release|Any CPU
	EndGlobalSection
	GlobalSection(ProjectConfigurationPlatforms) = postSolution
		{F161B9D2-168D-4BE1-B138-946FE547EC12}.Debug|Any CPU.ActiveCfg = Debug|Any CPU
		{F161B9D2-168D-4BE1-B138-946FE547EC12}.Debug|Any CPU.Build.0 = Debug|Any CPU
		{F161B9D2-168D-4BE1-B138-946FE547EC12}.Release|Any CPU.ActiveCfg = Release|Any CPU
		{F161B9D2-168D-4BE1-B138-946FE547EC12}.Release|Any CPU.Build.0 = Release|Any CPU
	EndGlobalSection
	GlobalSection(SolutionProperties) = preSolution
		HideSolutionNode = FALSE
	EndGlobalSection
	GlobalSection(ExtensibilityGlobals) = postSolution
		SolutionGuid = {63DECBA8-E633-4AAA-B155-E7503EAED515}
	EndGlobalSection
EndGlobal