
Microsoft Visual Studio Solution File, Format Version 12.00
# Visual Studio Version 17
VisualStudioVersion = 17.3.32922.545
MinimumVisualStudioVersion = 10.0.40219.1
Project("{2150E333-8FDC-42A3-9474-1A3956D46DE8}") = "VanKassa.Backend", "VanKassa.Backend", "{4D9915EC-B5DC-4AF2-8391-E427942DF1E9}"
EndProject
Project("{9A19103F-16F7-4668-BE54-9A1E7A4F7556}") = "VanKassa.Backend.Core", "VanKassa.Backend.Core\VanKassa.Backend.Core.csproj", "{DA079B86-FCC1-43DA-99D9-6BB0DA524492}"
EndProject
Project("{9A19103F-16F7-4668-BE54-9A1E7A4F7556}") = "VanKassa.Backend.Infrastructure", "VanKassa.Backend.Infrastructure\VanKassa.Backend.Infrastructure.csproj", "{0D489D79-7A3E-49E8-8C5F-2BEAE8897D72}"
EndProject
Project("{9A19103F-16F7-4668-BE54-9A1E7A4F7556}") = "VanKassa.Backend.Api", "VanKassa.Backend.Api\VanKassa.Backend.Api.csproj", "{BBCB6A74-AB32-4DC2-A2F1-781534C5F33F}"
EndProject
Project("{9A19103F-16F7-4668-BE54-9A1E7A4F7556}") = "VanKassa.Domain", "VanKassa.Domain\VanKassa.Domain.csproj", "{B595609C-AE54-4768-9329-5E7B95EF0070}"
EndProject
Project("{2150E333-8FDC-42A3-9474-1A3956D46DE8}") = "tests", "tests", "{4820A02C-8C03-4616-939D-F968072142BA}"
EndProject
Project("{9A19103F-16F7-4668-BE54-9A1E7A4F7556}") = "VanKassa.Backend.Core.Tests", "VanKassa.Backend.Core.Tests\VanKassa.Backend.Core.Tests.csproj", "{654807BA-F96C-4530-B2FB-BF71D19AEA41}"
EndProject
Project("{9A19103F-16F7-4668-BE54-9A1E7A4F7556}") = "VanKassa.Backend.Api.Tests", "VanKassa.Backend.Api.Tests\VanKassa.Backend.Api.Tests.csproj", "{60246F90-98F4-4C05-99F7-83AD9B3AAC8E}"
EndProject
Project("{9A19103F-16F7-4668-BE54-9A1E7A4F7556}") = "VanKassa.Presentation.BlazorWeb", "VanKassa.Presentation.BlazorWeb\VanKassa.Presentation.BlazorWeb.csproj", "{6DBE1440-F059-4F2E-AA41-20F9EAFD92F8}"
EndProject
Project("{9A19103F-16F7-4668-BE54-9A1E7A4F7556}") = "VanKassa.Shared", "VanKassa.Shared\VanKassa.Shared.csproj", "{43B31437-AC6C-4E98-8750-374426B52069}"
EndProject
Global
	GlobalSection(SolutionConfigurationPlatforms) = preSolution
		Debug|Any CPU = Debug|Any CPU
		Release|Any CPU = Release|Any CPU
	EndGlobalSection
	GlobalSection(ProjectConfigurationPlatforms) = postSolution
		{DA079B86-FCC1-43DA-99D9-6BB0DA524492}.Debug|Any CPU.ActiveCfg = Debug|Any CPU
		{DA079B86-FCC1-43DA-99D9-6BB0DA524492}.Debug|Any CPU.Build.0 = Debug|Any CPU
		{DA079B86-FCC1-43DA-99D9-6BB0DA524492}.Release|Any CPU.ActiveCfg = Release|Any CPU
		{DA079B86-FCC1-43DA-99D9-6BB0DA524492}.Release|Any CPU.Build.0 = Release|Any CPU
		{0D489D79-7A3E-49E8-8C5F-2BEAE8897D72}.Debug|Any CPU.ActiveCfg = Debug|Any CPU
		{0D489D79-7A3E-49E8-8C5F-2BEAE8897D72}.Debug|Any CPU.Build.0 = Debug|Any CPU
		{0D489D79-7A3E-49E8-8C5F-2BEAE8897D72}.Release|Any CPU.ActiveCfg = Release|Any CPU
		{0D489D79-7A3E-49E8-8C5F-2BEAE8897D72}.Release|Any CPU.Build.0 = Release|Any CPU
		{BBCB6A74-AB32-4DC2-A2F1-781534C5F33F}.Debug|Any CPU.ActiveCfg = Debug|Any CPU
		{BBCB6A74-AB32-4DC2-A2F1-781534C5F33F}.Debug|Any CPU.Build.0 = Debug|Any CPU
		{BBCB6A74-AB32-4DC2-A2F1-781534C5F33F}.Release|Any CPU.ActiveCfg = Release|Any CPU
		{BBCB6A74-AB32-4DC2-A2F1-781534C5F33F}.Release|Any CPU.Build.0 = Release|Any CPU
		{B595609C-AE54-4768-9329-5E7B95EF0070}.Debug|Any CPU.ActiveCfg = Debug|Any CPU
		{B595609C-AE54-4768-9329-5E7B95EF0070}.Debug|Any CPU.Build.0 = Debug|Any CPU
		{B595609C-AE54-4768-9329-5E7B95EF0070}.Release|Any CPU.ActiveCfg = Release|Any CPU
		{B595609C-AE54-4768-9329-5E7B95EF0070}.Release|Any CPU.Build.0 = Release|Any CPU
		{654807BA-F96C-4530-B2FB-BF71D19AEA41}.Debug|Any CPU.ActiveCfg = Debug|Any CPU
		{654807BA-F96C-4530-B2FB-BF71D19AEA41}.Debug|Any CPU.Build.0 = Debug|Any CPU
		{654807BA-F96C-4530-B2FB-BF71D19AEA41}.Release|Any CPU.ActiveCfg = Release|Any CPU
		{654807BA-F96C-4530-B2FB-BF71D19AEA41}.Release|Any CPU.Build.0 = Release|Any CPU
		{60246F90-98F4-4C05-99F7-83AD9B3AAC8E}.Debug|Any CPU.ActiveCfg = Debug|Any CPU
		{60246F90-98F4-4C05-99F7-83AD9B3AAC8E}.Debug|Any CPU.Build.0 = Debug|Any CPU
		{60246F90-98F4-4C05-99F7-83AD9B3AAC8E}.Release|Any CPU.ActiveCfg = Release|Any CPU
		{60246F90-98F4-4C05-99F7-83AD9B3AAC8E}.Release|Any CPU.Build.0 = Release|Any CPU
		{6DBE1440-F059-4F2E-AA41-20F9EAFD92F8}.Debug|Any CPU.ActiveCfg = Debug|Any CPU
		{6DBE1440-F059-4F2E-AA41-20F9EAFD92F8}.Debug|Any CPU.Build.0 = Debug|Any CPU
		{6DBE1440-F059-4F2E-AA41-20F9EAFD92F8}.Release|Any CPU.ActiveCfg = Release|Any CPU
		{6DBE1440-F059-4F2E-AA41-20F9EAFD92F8}.Release|Any CPU.Build.0 = Release|Any CPU
		{43B31437-AC6C-4E98-8750-374426B52069}.Debug|Any CPU.ActiveCfg = Debug|Any CPU
		{43B31437-AC6C-4E98-8750-374426B52069}.Debug|Any CPU.Build.0 = Debug|Any CPU
		{43B31437-AC6C-4E98-8750-374426B52069}.Release|Any CPU.ActiveCfg = Release|Any CPU
		{43B31437-AC6C-4E98-8750-374426B52069}.Release|Any CPU.Build.0 = Release|Any CPU
	EndGlobalSection
	GlobalSection(SolutionProperties) = preSolution
		HideSolutionNode = FALSE
	EndGlobalSection
	GlobalSection(NestedProjects) = preSolution
		{DA079B86-FCC1-43DA-99D9-6BB0DA524492} = {4D9915EC-B5DC-4AF2-8391-E427942DF1E9}
		{0D489D79-7A3E-49E8-8C5F-2BEAE8897D72} = {4D9915EC-B5DC-4AF2-8391-E427942DF1E9}
		{BBCB6A74-AB32-4DC2-A2F1-781534C5F33F} = {4D9915EC-B5DC-4AF2-8391-E427942DF1E9}
		{654807BA-F96C-4530-B2FB-BF71D19AEA41} = {4820A02C-8C03-4616-939D-F968072142BA}
		{60246F90-98F4-4C05-99F7-83AD9B3AAC8E} = {4820A02C-8C03-4616-939D-F968072142BA}
	EndGlobalSection
	GlobalSection(ExtensibilityGlobals) = postSolution
		SolutionGuid = {68BFD424-BBD0-4188-A1DD-FB613F2E40BA}
	EndGlobalSection
EndGlobal
